# This file is automatically @generated by Cargo.
# It is not intended for manual editing.
[[package]]
name = "edn-rs"
version = "0.13.2"
source = "git+https://github.com/naomijub/edn-rs?branch=chars-opt#33a4851a2d6f423878895fbd817d1281ea4b0ae1"

[[package]]
name = "parse-str-rs"
version = "0.1.0"
dependencies = [
 "edn-rs",
]
