# This file is automatically @generated by Cargo.
# It is not intended for manual editing.
[[package]]
name = "edn-rs"
version = "0.15.0"
source = "registry+https://github.com/rust-lang/crates.io-index"
checksum = "05943712eb94ab9ae99c5221e59f5623593f6493a753b03a1fb71ef886494353"

[[package]]
name = "parse-str-rs"
version = "0.1.0"
dependencies = [
 "edn-rs",
]
