# This file is automatically @generated by Cargo.
# It is not intended for manual editing.
[[package]]
name = "edn-rs"
version = "0.13.1"
source = "registry+https://github.com/rust-lang/crates.io-index"
checksum = "f28dfb965cea9a75ad73a9d17376378ad9ab8b24fdb04c5533fbe03d35badbd4"

[[package]]
name = "parse-str-rs"
version = "0.1.0"
dependencies = [
 "edn-rs",
]
